{
  "name": "unit_converter",
  "lockfileVersion": 2,
  "requires": true,
  "packages": {
    "": {
      "dependencies": {
        "convert-units": "^3.0.0-beta.5"
      }
    },
    "node_modules/convert-units": {
      "version": "3.0.0-beta.5",
      "resolved": "https://registry.npmjs.org/convert-units/-/convert-units-3.0.0-beta.5.tgz",
      "integrity": "sha512-qCy+1W8CqfK8TDuJTdT2E9hNBpG9kDub6rYsrVXOVfdmuFOLqj8RQnW8o26MFCz2XdD3beyOYZYoh9Nh7jSABA=="
    }
  },
  "dependencies": {
    "convert-units": {
      "version": "3.0.0-beta.5",
      "resolved": "https://registry.npmjs.org/convert-units/-/convert-units-3.0.0-beta.5.tgz",
      "integrity": "sha512-qCy+1W8CqfK8TDuJTdT2E9hNBpG9kDub6rYsrVXOVfdmuFOLqj8RQnW8o26MFCz2XdD3beyOYZYoh9Nh7jSABA=="
    }
  }
}
